
Microsoft Visual Studio Solution File, Format Version 12.00
# Visual Studio Version 17
VisualStudioVersion = 17.6.33815.320
MinimumVisualStudioVersion = 10.0.40219.1
Project("{FAE04EC0-301F-11D3-BF4B-00C04F79EFBC}") = "Projeto03", "Projeto03\Projeto03.csproj", "{23550534-7CDD-4DAB-A8CD-8F7656A7EEFF}"
EndProject
Global
	GlobalSection(SolutionConfigurationPlatforms) = preSolution
		Debug|Any CPU = Debug|Any CPU
		Release|Any CPU = Release|Any CPU
	EndGlobalSection
	GlobalSection(ProjectConfigurationPlatforms) = postSolution
		{23550534-7CDD-4DAB-A8CD-8F7656A7EEFF}.Debug|Any CPU.ActiveCfg = Debug|Any CPU
		{23550534-7CDD-4DAB-A8CD-8F7656A7EEFF}.Debug|Any CPU.Build.0 = Debug|Any CPU
		{23550534-7CDD-4DAB-A8CD-8F7656A7EEFF}.Release|Any CPU.ActiveCfg = Release|Any CPU
		{23550534-7CDD-4DAB-A8CD-8F7656A7EEFF}.Release|Any CPU.Build.0 = Release|Any CPU
	EndGlobalSection
	GlobalSection(SolutionProperties) = preSolution
		HideSolutionNode = FALSE
	EndGlobalSection
	GlobalSection(ExtensibilityGlobals) = postSolution
		SolutionGuid = {2FF1198C-5F40-4F9F-B2D4-62E0D3533F10}
	EndGlobalSection
EndGlobal
